// !$*UTF8*$!
{
	archiveVersion = 1;
	classes = {
	};
	objectVersion = 46;
	objects = {

/* Begin PBXBuildFile section */
		0D9D36C8B43E466295899CA4 /* libPods.a in Frameworks */ = {isa = PBXBuildFile; fileRef = 564B2EB66BC4420587426308 /* libPods.a */; };
		2537BAF6193B678900D10878 /* FTINPatientViewController.m in Sources */ = {isa = PBXBuildFile; fileRef = 2537BAF5193B678900D10878 /* FTINPatientViewController.m */; };
		2537BAFA193B68F200D10878 /* FTINDatePickerTextField.m in Sources */ = {isa = PBXBuildFile; fileRef = 2537BAF9193B68F200D10878 /* FTINDatePickerTextField.m */; };
		2537BAFD193B698000D10878 /* FTINDatePickerPopoverController.m in Sources */ = {isa = PBXBuildFile; fileRef = 2537BAFC193B698000D10878 /* FTINDatePickerPopoverController.m */; };
		2537BB5F193B730500D10878 /* FileUtils.m in Sources */ = {isa = PBXBuildFile; fileRef = 2537BB3B193B730500D10878 /* FileUtils.m */; };
		2537BB60193B730500D10878 /* NSDate+FormattedDate.m in Sources */ = {isa = PBXBuildFile; fileRef = 2537BB3D193B730500D10878 /* NSDate+FormattedDate.m */; };
		2537BB61193B730500D10878 /* NSError+AlertOnError.m in Sources */ = {isa = PBXBuildFile; fileRef = 2537BB3F193B730500D10878 /* NSError+AlertOnError.m */; };
		2537BB62193B730500D10878 /* NSError+LSSB_CreateError.m in Sources */ = {isa = PBXBuildFile; fileRef = 2537BB41193B730500D10878 /* NSError+LSSB_CreateError.m */; };
		2537BB63193B730500D10878 /* NSFileManager+Utils.m in Sources */ = {isa = PBXBuildFile; fileRef = 2537BB43193B730500D10878 /* NSFileManager+Utils.m */; };
		2537BB65193B730500D10878 /* NSNumber+TimeDescription.m in Sources */ = {isa = PBXBuildFile; fileRef = 2537BB47193B730500D10878 /* NSNumber+TimeDescription.m */; };
		2537BB66193B730500D10878 /* NSObject+Properties.m in Sources */ = {isa = PBXBuildFile; fileRef = 2537BB49193B730500D10878 /* NSObject+Properties.m */; };
		2537BB67193B730500D10878 /* NSString+LocalizedString.m in Sources */ = {isa = PBXBuildFile; fileRef = 2537BB4B193B730500D10878 /* NSString+LocalizedString.m */; };
		2537BB68193B730500D10878 /* NSString+ReplaceStrings.m in Sources */ = {isa = PBXBuildFile; fileRef = 2537BB4D193B730500D10878 /* NSString+ReplaceStrings.m */; };
		2537BB69193B730500D10878 /* NSThread+AsyncBlock.m in Sources */ = {isa = PBXBuildFile; fileRef = 2537BB4F193B730500D10878 /* NSThread+AsyncBlock.m */; };
		2537BB6A193B730500D10878 /* UIAlertView+DefaultAlerts.m in Sources */ = {isa = PBXBuildFile; fileRef = 2537BB51193B730500D10878 /* UIAlertView+DefaultAlerts.m */; };
		2537BB6B193B730500D10878 /* UIDevice+SystemVersion.m in Sources */ = {isa = PBXBuildFile; fileRef = 2537BB53193B730500D10878 /* UIDevice+SystemVersion.m */; };
		2537BB6D193B730500D10878 /* UITableView+ScrollToBottom.m in Sources */ = {isa = PBXBuildFile; fileRef = 2537BB57193B730500D10878 /* UITableView+ScrollToBottom.m */; };
		2537BB6E193B730500D10878 /* UIView+Border.m in Sources */ = {isa = PBXBuildFile; fileRef = 2537BB59193B730500D10878 /* UIView+Border.m */; };
		2537BB6F193B730500D10878 /* UIView+SearchSubview.m in Sources */ = {isa = PBXBuildFile; fileRef = 2537BB5B193B730500D10878 /* UIView+SearchSubview.m */; };
		2537BB70193B730500D10878 /* UIViewController+Visibility.m in Sources */ = {isa = PBXBuildFile; fileRef = 2537BB5D193B730500D10878 /* UIViewController+Visibility.m */; };
		25644CD41936B070006C4E06 /* Foundation.framework in Frameworks */ = {isa = PBXBuildFile; fileRef = 25644CD31936B070006C4E06 /* Foundation.framework */; };
		25644CD61936B070006C4E06 /* CoreGraphics.framework in Frameworks */ = {isa = PBXBuildFile; fileRef = 25644CD51936B070006C4E06 /* CoreGraphics.framework */; };
		25644CD81936B070006C4E06 /* UIKit.framework in Frameworks */ = {isa = PBXBuildFile; fileRef = 25644CD71936B070006C4E06 /* UIKit.framework */; };
		25644CDA1936B071006C4E06 /* CoreData.framework in Frameworks */ = {isa = PBXBuildFile; fileRef = 25644CD91936B071006C4E06 /* CoreData.framework */; };
		25644CE01936B071006C4E06 /* InfoPlist.strings in Resources */ = {isa = PBXBuildFile; fileRef = 25644CDE1936B071006C4E06 /* InfoPlist.strings */; };
		25644CE21936B071006C4E06 /* main.m in Sources */ = {isa = PBXBuildFile; fileRef = 25644CE11936B071006C4E06 /* main.m */; };
		25644CE61936B071006C4E06 /* FTINAppDelegate.m in Sources */ = {isa = PBXBuildFile; fileRef = 25644CE51936B071006C4E06 /* FTINAppDelegate.m */; };
		25644CE91936B071006C4E06 /* Main.storyboard in Resources */ = {isa = PBXBuildFile; fileRef = 25644CE71936B071006C4E06 /* Main.storyboard */; };
		25644CFB1936B071006C4E06 /* XCTest.framework in Frameworks */ = {isa = PBXBuildFile; fileRef = 25644CFA1936B071006C4E06 /* XCTest.framework */; };
		25644CFC1936B071006C4E06 /* Foundation.framework in Frameworks */ = {isa = PBXBuildFile; fileRef = 25644CD31936B070006C4E06 /* Foundation.framework */; };
		25644CFD1936B071006C4E06 /* UIKit.framework in Frameworks */ = {isa = PBXBuildFile; fileRef = 25644CD71936B070006C4E06 /* UIKit.framework */; };
		25644CFE1936B071006C4E06 /* CoreData.framework in Frameworks */ = {isa = PBXBuildFile; fileRef = 25644CD91936B071006C4E06 /* CoreData.framework */; };
		25644D061936B071006C4E06 /* InfoPlist.strings in Resources */ = {isa = PBXBuildFile; fileRef = 25644D041936B071006C4E06 /* InfoPlist.strings */; };
		25644D081936B071006C4E06 /* IntervencaoNarrativaTests.m in Sources */ = {isa = PBXBuildFile; fileRef = 25644D071936B071006C4E06 /* IntervencaoNarrativaTests.m */; };
		25644D161936B391006C4E06 /* FTINStartViewController.m in Sources */ = {isa = PBXBuildFile; fileRef = 25644D131936B391006C4E06 /* FTINStartViewController.m */; };
		25644D171936B391006C4E06 /* FTINPatientsTableViewController.m in Sources */ = {isa = PBXBuildFile; fileRef = 25644D151936B391006C4E06 /* FTINPatientsTableViewController.m */; };
		25644D1A1936B3C7006C4E06 /* Localizable.strings in Resources */ = {isa = PBXBuildFile; fileRef = 25644D191936B3C7006C4E06 /* Localizable.strings */; };
		25644D1E1936B619006C4E06 /* FTINMainSplitViewControllerDelegate.m in Sources */ = {isa = PBXBuildFile; fileRef = 25644D1D1936B619006C4E06 /* FTINMainSplitViewControllerDelegate.m */; };
		256A97BE193B758A00358131 /* ToastController.m in Sources */ = {isa = PBXBuildFile; fileRef = 256A97BD193B758A00358131 /* ToastController.m */; };
		256A97C1193B763300358131 /* ErrorInfo.m in Sources */ = {isa = PBXBuildFile; fileRef = 256A97C0193B763300358131 /* ErrorInfo.m */; };
		256A97C4193B777A00358131 /* Macros.m in Sources */ = {isa = PBXBuildFile; fileRef = 256A97C3193B777A00358131 /* Macros.m */; };
		256A97CD193B98F300358131 /* IntervencaoNarrativa.xcdatamodeld in Sources */ = {isa = PBXBuildFile; fileRef = 256A97CB193B98F300358131 /* IntervencaoNarrativa.xcdatamodeld */; };
		256A97E5193BA1DB00358131 /* FTINPatientController.m in Sources */ = {isa = PBXBuildFile; fileRef = 256A97E4193BA1DB00358131 /* FTINPatientController.m */; };
		256A97E8193BA26D00358131 /* Patient.m in Sources */ = {isa = PBXBuildFile; fileRef = 256A97E7193BA26D00358131 /* Patient.m */; };
		256A97EB193BB14F00358131 /* FTINNewPatientViewControllerDelegate.m in Sources */ = {isa = PBXBuildFile; fileRef = 256A97EA193BB14F00358131 /* FTINNewPatientViewControllerDelegate.m */; };
		256A97EF193BBB0C00358131 /* FTINExistingPatientViewControllerDelegate.m in Sources */ = {isa = PBXBuildFile; fileRef = 256A97EE193BBB0C00358131 /* FTINExistingPatientViewControllerDelegate.m */; };
/* End PBXBuildFile section */

/* Begin PBXContainerItemProxy section */
		25644CFF1936B071006C4E06 /* PBXContainerItemProxy */ = {
			isa = PBXContainerItemProxy;
			containerPortal = 25644CC81936B070006C4E06 /* Project object */;
			proxyType = 1;
			remoteGlobalIDString = 25644CCF1936B070006C4E06;
			remoteInfo = IntervencaoNarrativa;
		};
/* End PBXContainerItemProxy section */

/* Begin PBXFileReference section */
		2537BAF4193B678900D10878 /* FTINPatientViewController.h */ = {isa = PBXFileReference; fileEncoding = 4; lastKnownFileType = sourcecode.c.h; path = FTINPatientViewController.h; sourceTree = "<group>"; };
		2537BAF5193B678900D10878 /* FTINPatientViewController.m */ = {isa = PBXFileReference; fileEncoding = 4; lastKnownFileType = sourcecode.c.objc; path = FTINPatientViewController.m; sourceTree = "<group>"; };
		2537BAF8193B68F200D10878 /* FTINDatePickerTextField.h */ = {isa = PBXFileReference; fileEncoding = 4; lastKnownFileType = sourcecode.c.h; path = FTINDatePickerTextField.h; sourceTree = "<group>"; };
		2537BAF9193B68F200D10878 /* FTINDatePickerTextField.m */ = {isa = PBXFileReference; fileEncoding = 4; lastKnownFileType = sourcecode.c.objc; path = FTINDatePickerTextField.m; sourceTree = "<group>"; };
		2537BAFB193B698000D10878 /* FTINDatePickerPopoverController.h */ = {isa = PBXFileReference; fileEncoding = 4; lastKnownFileType = sourcecode.c.h; path = FTINDatePickerPopoverController.h; sourceTree = "<group>"; };
		2537BAFC193B698000D10878 /* FTINDatePickerPopoverController.m */ = {isa = PBXFileReference; fileEncoding = 4; lastKnownFileType = sourcecode.c.objc; path = FTINDatePickerPopoverController.m; sourceTree = "<group>"; };
		2537BB3A193B730500D10878 /* FileUtils.h */ = {isa = PBXFileReference; fileEncoding = 4; lastKnownFileType = sourcecode.c.h; path = FileUtils.h; sourceTree = "<group>"; };
		2537BB3B193B730500D10878 /* FileUtils.m */ = {isa = PBXFileReference; fileEncoding = 4; lastKnownFileType = sourcecode.c.objc; path = FileUtils.m; sourceTree = "<group>"; };
		2537BB3C193B730500D10878 /* NSDate+FormattedDate.h */ = {isa = PBXFileReference; fileEncoding = 4; lastKnownFileType = sourcecode.c.h; path = "NSDate+FormattedDate.h"; sourceTree = "<group>"; };
		2537BB3D193B730500D10878 /* NSDate+FormattedDate.m */ = {isa = PBXFileReference; fileEncoding = 4; lastKnownFileType = sourcecode.c.objc; path = "NSDate+FormattedDate.m"; sourceTree = "<group>"; };
		2537BB3E193B730500D10878 /* NSError+AlertOnError.h */ = {isa = PBXFileReference; fileEncoding = 4; lastKnownFileType = sourcecode.c.h; path = "NSError+AlertOnError.h"; sourceTree = "<group>"; };
		2537BB3F193B730500D10878 /* NSError+AlertOnError.m */ = {isa = PBXFileReference; fileEncoding = 4; lastKnownFileType = sourcecode.c.objc; path = "NSError+AlertOnError.m"; sourceTree = "<group>"; };
		2537BB40193B730500D10878 /* NSError+LSSB_CreateError.h */ = {isa = PBXFileReference; fileEncoding = 4; lastKnownFileType = sourcecode.c.h; path = "NSError+LSSB_CreateError.h"; sourceTree = "<group>"; };
		2537BB41193B730500D10878 /* NSError+LSSB_CreateError.m */ = {isa = PBXFileReference; fileEncoding = 4; lastKnownFileType = sourcecode.c.objc; path = "NSError+LSSB_CreateError.m"; sourceTree = "<group>"; };
		2537BB42193B730500D10878 /* NSFileManager+Utils.h */ = {isa = PBXFileReference; fileEncoding = 4; lastKnownFileType = sourcecode.c.h; path = "NSFileManager+Utils.h"; sourceTree = "<group>"; };
		2537BB43193B730500D10878 /* NSFileManager+Utils.m */ = {isa = PBXFileReference; fileEncoding = 4; lastKnownFileType = sourcecode.c.objc; path = "NSFileManager+Utils.m"; sourceTree = "<group>"; };
		2537BB46193B730500D10878 /* NSNumber+TimeDescription.h */ = {isa = PBXFileReference; fileEncoding = 4; lastKnownFileType = sourcecode.c.h; path = "NSNumber+TimeDescription.h"; sourceTree = "<group>"; };
		2537BB47193B730500D10878 /* NSNumber+TimeDescription.m */ = {isa = PBXFileReference; fileEncoding = 4; lastKnownFileType = sourcecode.c.objc; path = "NSNumber+TimeDescription.m"; sourceTree = "<group>"; };
		2537BB48193B730500D10878 /* NSObject+Properties.h */ = {isa = PBXFileReference; fileEncoding = 4; lastKnownFileType = sourcecode.c.h; path = "NSObject+Properties.h"; sourceTree = "<group>"; };
		2537BB49193B730500D10878 /* NSObject+Properties.m */ = {isa = PBXFileReference; fileEncoding = 4; lastKnownFileType = sourcecode.c.objc; path = "NSObject+Properties.m"; sourceTree = "<group>"; };
		2537BB4A193B730500D10878 /* NSString+LocalizedString.h */ = {isa = PBXFileReference; fileEncoding = 4; lastKnownFileType = sourcecode.c.h; path = "NSString+LocalizedString.h"; sourceTree = "<group>"; };
		2537BB4B193B730500D10878 /* NSString+LocalizedString.m */ = {isa = PBXFileReference; fileEncoding = 4; lastKnownFileType = sourcecode.c.objc; path = "NSString+LocalizedString.m"; sourceTree = "<group>"; };
		2537BB4C193B730500D10878 /* NSString+ReplaceStrings.h */ = {isa = PBXFileReference; fileEncoding = 4; lastKnownFileType = sourcecode.c.h; path = "NSString+ReplaceStrings.h"; sourceTree = "<group>"; };
		2537BB4D193B730500D10878 /* NSString+ReplaceStrings.m */ = {isa = PBXFileReference; fileEncoding = 4; lastKnownFileType = sourcecode.c.objc; path = "NSString+ReplaceStrings.m"; sourceTree = "<group>"; };
		2537BB4E193B730500D10878 /* NSThread+AsyncBlock.h */ = {isa = PBXFileReference; fileEncoding = 4; lastKnownFileType = sourcecode.c.h; path = "NSThread+AsyncBlock.h"; sourceTree = "<group>"; };
		2537BB4F193B730500D10878 /* NSThread+AsyncBlock.m */ = {isa = PBXFileReference; fileEncoding = 4; lastKnownFileType = sourcecode.c.objc; path = "NSThread+AsyncBlock.m"; sourceTree = "<group>"; };
		2537BB50193B730500D10878 /* UIAlertView+DefaultAlerts.h */ = {isa = PBXFileReference; fileEncoding = 4; lastKnownFileType = sourcecode.c.h; path = "UIAlertView+DefaultAlerts.h"; sourceTree = "<group>"; };
		2537BB51193B730500D10878 /* UIAlertView+DefaultAlerts.m */ = {isa = PBXFileReference; fileEncoding = 4; lastKnownFileType = sourcecode.c.objc; path = "UIAlertView+DefaultAlerts.m"; sourceTree = "<group>"; };
		2537BB52193B730500D10878 /* UIDevice+SystemVersion.h */ = {isa = PBXFileReference; fileEncoding = 4; lastKnownFileType = sourcecode.c.h; path = "UIDevice+SystemVersion.h"; sourceTree = "<group>"; };
		2537BB53193B730500D10878 /* UIDevice+SystemVersion.m */ = {isa = PBXFileReference; fileEncoding = 4; lastKnownFileType = sourcecode.c.objc; path = "UIDevice+SystemVersion.m"; sourceTree = "<group>"; };
		2537BB56193B730500D10878 /* UITableView+ScrollToBottom.h */ = {isa = PBXFileReference; fileEncoding = 4; lastKnownFileType = sourcecode.c.h; path = "UITableView+ScrollToBottom.h"; sourceTree = "<group>"; };
		2537BB57193B730500D10878 /* UITableView+ScrollToBottom.m */ = {isa = PBXFileReference; fileEncoding = 4; lastKnownFileType = sourcecode.c.objc; path = "UITableView+ScrollToBottom.m"; sourceTree = "<group>"; };
		2537BB58193B730500D10878 /* UIView+Border.h */ = {isa = PBXFileReference; fileEncoding = 4; lastKnownFileType = sourcecode.c.h; path = "UIView+Border.h"; sourceTree = "<group>"; };
		2537BB59193B730500D10878 /* UIView+Border.m */ = {isa = PBXFileReference; fileEncoding = 4; lastKnownFileType = sourcecode.c.objc; path = "UIView+Border.m"; sourceTree = "<group>"; };
		2537BB5A193B730500D10878 /* UIView+SearchSubview.h */ = {isa = PBXFileReference; fileEncoding = 4; lastKnownFileType = sourcecode.c.h; path = "UIView+SearchSubview.h"; sourceTree = "<group>"; };
		2537BB5B193B730500D10878 /* UIView+SearchSubview.m */ = {isa = PBXFileReference; fileEncoding = 4; lastKnownFileType = sourcecode.c.objc; path = "UIView+SearchSubview.m"; sourceTree = "<group>"; };
		2537BB5C193B730500D10878 /* UIViewController+Visibility.h */ = {isa = PBXFileReference; fileEncoding = 4; lastKnownFileType = sourcecode.c.h; path = "UIViewController+Visibility.h"; sourceTree = "<group>"; };
		2537BB5D193B730500D10878 /* UIViewController+Visibility.m */ = {isa = PBXFileReference; fileEncoding = 4; lastKnownFileType = sourcecode.c.objc; path = "UIViewController+Visibility.m"; sourceTree = "<group>"; };
		25644CD01936B070006C4E06 /* IntervencaoNarrativa.app */ = {isa = PBXFileReference; explicitFileType = wrapper.application; includeInIndex = 0; path = IntervencaoNarrativa.app; sourceTree = BUILT_PRODUCTS_DIR; };
		25644CD31936B070006C4E06 /* Foundation.framework */ = {isa = PBXFileReference; lastKnownFileType = wrapper.framework; name = Foundation.framework; path = System/Library/Frameworks/Foundation.framework; sourceTree = SDKROOT; };
		25644CD51936B070006C4E06 /* CoreGraphics.framework */ = {isa = PBXFileReference; lastKnownFileType = wrapper.framework; name = CoreGraphics.framework; path = System/Library/Frameworks/CoreGraphics.framework; sourceTree = SDKROOT; };
		25644CD71936B070006C4E06 /* UIKit.framework */ = {isa = PBXFileReference; lastKnownFileType = wrapper.framework; name = UIKit.framework; path = System/Library/Frameworks/UIKit.framework; sourceTree = SDKROOT; };
		25644CD91936B071006C4E06 /* CoreData.framework */ = {isa = PBXFileReference; lastKnownFileType = wrapper.framework; name = CoreData.framework; path = System/Library/Frameworks/CoreData.framework; sourceTree = SDKROOT; };
		25644CDD1936B071006C4E06 /* IntervencaoNarrativa-Info.plist */ = {isa = PBXFileReference; lastKnownFileType = text.plist.xml; path = "IntervencaoNarrativa-Info.plist"; sourceTree = "<group>"; };
		25644CDF1936B071006C4E06 /* en */ = {isa = PBXFileReference; lastKnownFileType = text.plist.strings; name = en; path = en.lproj/InfoPlist.strings; sourceTree = "<group>"; };
		25644CE11936B071006C4E06 /* main.m */ = {isa = PBXFileReference; lastKnownFileType = sourcecode.c.objc; path = main.m; sourceTree = "<group>"; };
		25644CE31936B071006C4E06 /* IntervencaoNarrativa-Prefix.pch */ = {isa = PBXFileReference; lastKnownFileType = sourcecode.c.h; path = "IntervencaoNarrativa-Prefix.pch"; sourceTree = "<group>"; };
		25644CE41936B071006C4E06 /* FTINAppDelegate.h */ = {isa = PBXFileReference; lastKnownFileType = sourcecode.c.h; path = FTINAppDelegate.h; sourceTree = "<group>"; };
		25644CE51936B071006C4E06 /* FTINAppDelegate.m */ = {isa = PBXFileReference; lastKnownFileType = sourcecode.c.objc; path = FTINAppDelegate.m; sourceTree = "<group>"; };
		25644CE81936B071006C4E06 /* Base */ = {isa = PBXFileReference; lastKnownFileType = file.storyboard; name = Base; path = Base.lproj/Main.storyboard; sourceTree = "<group>"; };
		25644CF91936B071006C4E06 /* IntervencaoNarrativaTests.xctest */ = {isa = PBXFileReference; explicitFileType = wrapper.cfbundle; includeInIndex = 0; path = IntervencaoNarrativaTests.xctest; sourceTree = BUILT_PRODUCTS_DIR; };
		25644CFA1936B071006C4E06 /* XCTest.framework */ = {isa = PBXFileReference; lastKnownFileType = wrapper.framework; name = XCTest.framework; path = Library/Frameworks/XCTest.framework; sourceTree = DEVELOPER_DIR; };
		25644D031936B071006C4E06 /* IntervencaoNarrativaTests-Info.plist */ = {isa = PBXFileReference; lastKnownFileType = text.plist.xml; path = "IntervencaoNarrativaTests-Info.plist"; sourceTree = "<group>"; };
		25644D051936B071006C4E06 /* en */ = {isa = PBXFileReference; lastKnownFileType = text.plist.strings; name = en; path = en.lproj/InfoPlist.strings; sourceTree = "<group>"; };
		25644D071936B071006C4E06 /* IntervencaoNarrativaTests.m */ = {isa = PBXFileReference; lastKnownFileType = sourcecode.c.objc; path = IntervencaoNarrativaTests.m; sourceTree = "<group>"; };
		25644D121936B391006C4E06 /* FTINStartViewController.h */ = {isa = PBXFileReference; fileEncoding = 4; lastKnownFileType = sourcecode.c.h; path = FTINStartViewController.h; sourceTree = "<group>"; };
		25644D131936B391006C4E06 /* FTINStartViewController.m */ = {isa = PBXFileReference; fileEncoding = 4; lastKnownFileType = sourcecode.c.objc; path = FTINStartViewController.m; sourceTree = "<group>"; };
		25644D141936B391006C4E06 /* FTINPatientsTableViewController.h */ = {isa = PBXFileReference; fileEncoding = 4; lastKnownFileType = sourcecode.c.h; path = FTINPatientsTableViewController.h; sourceTree = "<group>"; };
		25644D151936B391006C4E06 /* FTINPatientsTableViewController.m */ = {isa = PBXFileReference; fileEncoding = 4; lastKnownFileType = sourcecode.c.objc; path = FTINPatientsTableViewController.m; sourceTree = "<group>"; };
		25644D191936B3C7006C4E06 /* Localizable.strings */ = {isa = PBXFileReference; fileEncoding = 4; lastKnownFileType = text.plist.strings; path = Localizable.strings; sourceTree = "<group>"; };
		25644D1C1936B619006C4E06 /* FTINMainSplitViewControllerDelegate.h */ = {isa = PBXFileReference; fileEncoding = 4; lastKnownFileType = sourcecode.c.h; path = FTINMainSplitViewControllerDelegate.h; sourceTree = "<group>"; };
		25644D1D1936B619006C4E06 /* FTINMainSplitViewControllerDelegate.m */ = {isa = PBXFileReference; fileEncoding = 4; lastKnownFileType = sourcecode.c.objc; path = FTINMainSplitViewControllerDelegate.m; sourceTree = "<group>"; };
		256A97BC193B758A00358131 /* ToastController.h */ = {isa = PBXFileReference; fileEncoding = 4; lastKnownFileType = sourcecode.c.h; path = ToastController.h; sourceTree = "<group>"; };
		256A97BD193B758A00358131 /* ToastController.m */ = {isa = PBXFileReference; fileEncoding = 4; lastKnownFileType = sourcecode.c.objc; path = ToastController.m; sourceTree = "<group>"; };
		256A97BF193B763300358131 /* ErrorInfo.h */ = {isa = PBXFileReference; fileEncoding = 4; lastKnownFileType = sourcecode.c.h; path = ErrorInfo.h; sourceTree = "<group>"; };
		256A97C0193B763300358131 /* ErrorInfo.m */ = {isa = PBXFileReference; fileEncoding = 4; lastKnownFileType = sourcecode.c.objc; path = ErrorInfo.m; sourceTree = "<group>"; };
		256A97C2193B777A00358131 /* Macros.h */ = {isa = PBXFileReference; fileEncoding = 4; lastKnownFileType = sourcecode.c.h; path = Macros.h; sourceTree = "<group>"; };
		256A97C3193B777A00358131 /* Macros.m */ = {isa = PBXFileReference; fileEncoding = 4; lastKnownFileType = sourcecode.c.objc; path = Macros.m; sourceTree = "<group>"; };
		256A97C5193B78A100358131 /* FTINPatientViewControllerDelegate.h */ = {isa = PBXFileReference; lastKnownFileType = sourcecode.c.h; path = FTINPatientViewControllerDelegate.h; sourceTree = "<group>"; };
		256A97CC193B98F300358131 /* IntervencaoNarrativa.xcdatamodel */ = {isa = PBXFileReference; lastKnownFileType = wrapper.xcdatamodel; path = IntervencaoNarrativa.xcdatamodel; sourceTree = "<group>"; };
		256A97E3193BA1DB00358131 /* FTINPatientController.h */ = {isa = PBXFileReference; fileEncoding = 4; lastKnownFileType = sourcecode.c.h; path = FTINPatientController.h; sourceTree = "<group>"; };
		256A97E4193BA1DB00358131 /* FTINPatientController.m */ = {isa = PBXFileReference; fileEncoding = 4; lastKnownFileType = sourcecode.c.objc; path = FTINPatientController.m; sourceTree = "<group>"; };
		256A97E6193BA26D00358131 /* Patient.h */ = {isa = PBXFileReference; fileEncoding = 4; lastKnownFileType = sourcecode.c.h; path = Patient.h; sourceTree = "<group>"; };
		256A97E7193BA26D00358131 /* Patient.m */ = {isa = PBXFileReference; fileEncoding = 4; lastKnownFileType = sourcecode.c.objc; path = Patient.m; sourceTree = "<group>"; };
		256A97E9193BB14F00358131 /* FTINNewPatientViewControllerDelegate.h */ = {isa = PBXFileReference; fileEncoding = 4; lastKnownFileType = sourcecode.c.h; path = FTINNewPatientViewControllerDelegate.h; sourceTree = "<group>"; };
		256A97EA193BB14F00358131 /* FTINNewPatientViewControllerDelegate.m */ = {isa = PBXFileReference; fileEncoding = 4; lastKnownFileType = sourcecode.c.objc; path = FTINNewPatientViewControllerDelegate.m; sourceTree = "<group>"; };
		256A97ED193BBB0C00358131 /* FTINExistingPatientViewControllerDelegate.h */ = {isa = PBXFileReference; fileEncoding = 4; lastKnownFileType = sourcecode.c.h; path = FTINExistingPatientViewControllerDelegate.h; sourceTree = "<group>"; };
		256A97EE193BBB0C00358131 /* FTINExistingPatientViewControllerDelegate.m */ = {isa = PBXFileReference; fileEncoding = 4; lastKnownFileType = sourcecode.c.objc; path = FTINExistingPatientViewControllerDelegate.m; sourceTree = "<group>"; };
		564B2EB66BC4420587426308 /* libPods.a */ = {isa = PBXFileReference; explicitFileType = archive.ar; includeInIndex = 0; path = libPods.a; sourceTree = BUILT_PRODUCTS_DIR; };
		C945DEE5143B4B4EB8C31375 /* Pods.xcconfig */ = {isa = PBXFileReference; includeInIndex = 1; lastKnownFileType = text.xcconfig; name = Pods.xcconfig; path = Pods/Pods.xcconfig; sourceTree = "<group>"; };
/* End PBXFileReference section */

/* Begin PBXFrameworksBuildPhase section */
		25644CCD1936B070006C4E06 /* Frameworks */ = {
			isa = PBXFrameworksBuildPhase;
			buildActionMask = 2147483647;
			files = (
				25644CD61936B070006C4E06 /* CoreGraphics.framework in Frameworks */,
				25644CDA1936B071006C4E06 /* CoreData.framework in Frameworks */,
				25644CD81936B070006C4E06 /* UIKit.framework in Frameworks */,
				25644CD41936B070006C4E06 /* Foundation.framework in Frameworks */,
				0D9D36C8B43E466295899CA4 /* libPods.a in Frameworks */,
			);
			runOnlyForDeploymentPostprocessing = 0;
		};
		25644CF61936B071006C4E06 /* Frameworks */ = {
			isa = PBXFrameworksBuildPhase;
			buildActionMask = 2147483647;
			files = (
				25644CFB1936B071006C4E06 /* XCTest.framework in Frameworks */,
				25644CFE1936B071006C4E06 /* CoreData.framework in Frameworks */,
				25644CFD1936B071006C4E06 /* UIKit.framework in Frameworks */,
				25644CFC1936B071006C4E06 /* Foundation.framework in Frameworks */,
			);
			runOnlyForDeploymentPostprocessing = 0;
		};
/* End PBXFrameworksBuildPhase section */

/* Begin PBXGroup section */
		2537BAF7193B68D600D10878 /* CustomViews */ = {
			isa = PBXGroup;
			children = (
				256A97BC193B758A00358131 /* ToastController.h */,
				256A97BD193B758A00358131 /* ToastController.m */,
				2537BAF8193B68F200D10878 /* FTINDatePickerTextField.h */,
				2537BAF9193B68F200D10878 /* FTINDatePickerTextField.m */,
				2537BAFB193B698000D10878 /* FTINDatePickerPopoverController.h */,
				2537BAFC193B698000D10878 /* FTINDatePickerPopoverController.m */,
			);
			path = CustomViews;
			sourceTree = "<group>";
		};
		2537BAFE193B72D500D10878 /* Categories */ = {
			isa = PBXGroup;
			children = (
				2537BB3A193B730500D10878 /* FileUtils.h */,
				2537BB3B193B730500D10878 /* FileUtils.m */,
				2537BB3C193B730500D10878 /* NSDate+FormattedDate.h */,
				2537BB3D193B730500D10878 /* NSDate+FormattedDate.m */,
				2537BB3E193B730500D10878 /* NSError+AlertOnError.h */,
				2537BB3F193B730500D10878 /* NSError+AlertOnError.m */,
				2537BB40193B730500D10878 /* NSError+LSSB_CreateError.h */,
				2537BB41193B730500D10878 /* NSError+LSSB_CreateError.m */,
				2537BB42193B730500D10878 /* NSFileManager+Utils.h */,
				2537BB43193B730500D10878 /* NSFileManager+Utils.m */,
				2537BB46193B730500D10878 /* NSNumber+TimeDescription.h */,
				2537BB47193B730500D10878 /* NSNumber+TimeDescription.m */,
				2537BB48193B730500D10878 /* NSObject+Properties.h */,
				2537BB49193B730500D10878 /* NSObject+Properties.m */,
				2537BB4A193B730500D10878 /* NSString+LocalizedString.h */,
				2537BB4B193B730500D10878 /* NSString+LocalizedString.m */,
				2537BB4C193B730500D10878 /* NSString+ReplaceStrings.h */,
				2537BB4D193B730500D10878 /* NSString+ReplaceStrings.m */,
				2537BB4E193B730500D10878 /* NSThread+AsyncBlock.h */,
				2537BB4F193B730500D10878 /* NSThread+AsyncBlock.m */,
				2537BB50193B730500D10878 /* UIAlertView+DefaultAlerts.h */,
				2537BB51193B730500D10878 /* UIAlertView+DefaultAlerts.m */,
				2537BB52193B730500D10878 /* UIDevice+SystemVersion.h */,
				2537BB53193B730500D10878 /* UIDevice+SystemVersion.m */,
				2537BB56193B730500D10878 /* UITableView+ScrollToBottom.h */,
				2537BB57193B730500D10878 /* UITableView+ScrollToBottom.m */,
				2537BB58193B730500D10878 /* UIView+Border.h */,
				2537BB59193B730500D10878 /* UIView+Border.m */,
				2537BB5A193B730500D10878 /* UIView+SearchSubview.h */,
				2537BB5B193B730500D10878 /* UIView+SearchSubview.m */,
				2537BB5C193B730500D10878 /* UIViewController+Visibility.h */,
				2537BB5D193B730500D10878 /* UIViewController+Visibility.m */,
			);
			path = Categories;
			sourceTree = "<group>";
		};
		25644CC71936B070006C4E06 = {
			isa = PBXGroup;
			children = (
				25644CDB1936B071006C4E06 /* IntervencaoNarrativa */,
				25644D011936B071006C4E06 /* IntervencaoNarrativaTests */,
				25644CD21936B070006C4E06 /* Frameworks */,
				25644CD11936B070006C4E06 /* Products */,
				C945DEE5143B4B4EB8C31375 /* Pods.xcconfig */,
			);
			sourceTree = "<group>";
		};
		25644CD11936B070006C4E06 /* Products */ = {
			isa = PBXGroup;
			children = (
				25644CD01936B070006C4E06 /* IntervencaoNarrativa.app */,
				25644CF91936B071006C4E06 /* IntervencaoNarrativaTests.xctest */,
			);
			name = Products;
			sourceTree = "<group>";
		};
		25644CD21936B070006C4E06 /* Frameworks */ = {
			isa = PBXGroup;
			children = (
				25644CD31936B070006C4E06 /* Foundation.framework */,
				25644CD51936B070006C4E06 /* CoreGraphics.framework */,
				25644CD71936B070006C4E06 /* UIKit.framework */,
				25644CD91936B071006C4E06 /* CoreData.framework */,
				25644CFA1936B071006C4E06 /* XCTest.framework */,
				564B2EB66BC4420587426308 /* libPods.a */,
			);
			name = Frameworks;
			sourceTree = "<group>";
		};
		25644CDB1936B071006C4E06 /* IntervencaoNarrativa */ = {
			isa = PBXGroup;
			children = (
				256A97C6193B98F300358131 /* Control */,
				256A97C7193B98F300358131 /* Model */,
				2537BAFE193B72D500D10878 /* Categories */,
				25644D111936B391006C4E06 /* View */,
				25644CDC1936B071006C4E06 /* Supporting Files */,
				25644CE41936B071006C4E06 /* FTINAppDelegate.h */,
				25644CE51936B071006C4E06 /* FTINAppDelegate.m */,
				25644CE71936B071006C4E06 /* Main.storyboard */,
			);
			path = IntervencaoNarrativa;
			sourceTree = "<group>";
		};
		25644CDC1936B071006C4E06 /* Supporting Files */ = {
			isa = PBXGroup;
			children = (
				25644D181936B399006C4E06 /* Resources */,
				25644CDD1936B071006C4E06 /* IntervencaoNarrativa-Info.plist */,
				25644CDE1936B071006C4E06 /* InfoPlist.strings */,
				25644CE11936B071006C4E06 /* main.m */,
				25644CE31936B071006C4E06 /* IntervencaoNarrativa-Prefix.pch */,
				256A97BF193B763300358131 /* ErrorInfo.h */,
				256A97C0193B763300358131 /* ErrorInfo.m */,
				256A97C2193B777A00358131 /* Macros.h */,
				256A97C3193B777A00358131 /* Macros.m */,
			);
			name = "Supporting Files";
			sourceTree = "<group>";
		};
		25644D011936B071006C4E06 /* IntervencaoNarrativaTests */ = {
			isa = PBXGroup;
			children = (
				25644D071936B071006C4E06 /* IntervencaoNarrativaTests.m */,
				25644D021936B071006C4E06 /* Supporting Files */,
			);
			path = IntervencaoNarrativaTests;
			sourceTree = "<group>";
		};
		25644D021936B071006C4E06 /* Supporting Files */ = {
			isa = PBXGroup;
			children = (
				25644D031936B071006C4E06 /* IntervencaoNarrativaTests-Info.plist */,
				25644D041936B071006C4E06 /* InfoPlist.strings */,
			);
			name = "Supporting Files";
			sourceTree = "<group>";
		};
		25644D111936B391006C4E06 /* View */ = {
			isa = PBXGroup;
			children = (
				2537BAF7193B68D600D10878 /* CustomViews */,
				25644D121936B391006C4E06 /* FTINStartViewController.h */,
				25644D131936B391006C4E06 /* FTINStartViewController.m */,
				25644D141936B391006C4E06 /* FTINPatientsTableViewController.h */,
				25644D151936B391006C4E06 /* FTINPatientsTableViewController.m */,
				25644D1C1936B619006C4E06 /* FTINMainSplitViewControllerDelegate.h */,
				25644D1D1936B619006C4E06 /* FTINMainSplitViewControllerDelegate.m */,
				256A97EC193BB38400358131 /* PatientViewContoller */,
			);
			path = View;
			sourceTree = "<group>";
		};
		25644D181936B399006C4E06 /* Resources */ = {
			isa = PBXGroup;
			children = (
				25644D191936B3C7006C4E06 /* Localizable.strings */,
			);
			path = Resources;
			sourceTree = "<group>";
		};
		256A97C6193B98F300358131 /* Control */ = {
			isa = PBXGroup;
			children = (
				256A97E3193BA1DB00358131 /* FTINPatientController.h */,
				256A97E4193BA1DB00358131 /* FTINPatientController.m */,
			);
			path = Control;
			sourceTree = "<group>";
		};
		256A97C7193B98F300358131 /* Model */ = {
			isa = PBXGroup;
			children = (
				256A97C8193B98F300358131 /* Data */,
			);
			path = Model;
			sourceTree = "<group>";
		};
		256A97C8193B98F300358131 /* Data */ = {
			isa = PBXGroup;
			children = (
				256A97CA193B98F300358131 /* Entities */,
			);
			path = Data;
			sourceTree = "<group>";
		};
		256A97CA193B98F300358131 /* Entities */ = {
			isa = PBXGroup;
			children = (
				256A97E6193BA26D00358131 /* Patient.h */,
				256A97E7193BA26D00358131 /* Patient.m */,
				256A97CB193B98F300358131 /* IntervencaoNarrativa.xcdatamodeld */,
			);
			path = Entities;
			sourceTree = "<group>";
		};
		256A97EC193BB38400358131 /* PatientViewContoller */ = {
			isa = PBXGroup;
			children = (
				2537BAF4193B678900D10878 /* FTINPatientViewController.h */,
				2537BAF5193B678900D10878 /* FTINPatientViewController.m */,
				256A97C5193B78A100358131 /* FTINPatientViewControllerDelegate.h */,
				256A97E9193BB14F00358131 /* FTINNewPatientViewControllerDelegate.h */,
				256A97EA193BB14F00358131 /* FTINNewPatientViewControllerDelegate.m */,
				256A97ED193BBB0C00358131 /* FTINExistingPatientViewControllerDelegate.h */,
				256A97EE193BBB0C00358131 /* FTINExistingPatientViewControllerDelegate.m */,
			);
			name = PatientViewContoller;
			sourceTree = "<group>";
		};
/* End PBXGroup section */

/* Begin PBXNativeTarget section */
		25644CCF1936B070006C4E06 /* IntervencaoNarrativa */ = {
			isa = PBXNativeTarget;
			buildConfigurationList = 25644D0B1936B071006C4E06 /* Build configuration list for PBXNativeTarget "IntervencaoNarrativa" */;
			buildPhases = (
				980ADBA5E52E41999743D8B3 /* Check Pods Manifest.lock */,
				25644CCC1936B070006C4E06 /* Sources */,
				25644CCD1936B070006C4E06 /* Frameworks */,
				25644CCE1936B070006C4E06 /* Resources */,
				9027CDCB79D94ED888384D7E /* Copy Pods Resources */,
			);
			buildRules = (
			);
			dependencies = (
			);
			name = IntervencaoNarrativa;
			productName = IntervencaoNarrativa;
			productReference = 25644CD01936B070006C4E06 /* IntervencaoNarrativa.app */;
			productType = "com.apple.product-type.application";
		};
		25644CF81936B071006C4E06 /* IntervencaoNarrativaTests */ = {
			isa = PBXNativeTarget;
			buildConfigurationList = 25644D0E1936B071006C4E06 /* Build configuration list for PBXNativeTarget "IntervencaoNarrativaTests" */;
			buildPhases = (
				25644CF51936B071006C4E06 /* Sources */,
				25644CF61936B071006C4E06 /* Frameworks */,
				25644CF71936B071006C4E06 /* Resources */,
			);
			buildRules = (
			);
			dependencies = (
				25644D001936B071006C4E06 /* PBXTargetDependency */,
			);
			name = IntervencaoNarrativaTests;
			productName = IntervencaoNarrativaTests;
			productReference = 25644CF91936B071006C4E06 /* IntervencaoNarrativaTests.xctest */;
			productType = "com.apple.product-type.bundle.unit-test";
		};
/* End PBXNativeTarget section */

/* Begin PBXProject section */
		25644CC81936B070006C4E06 /* Project object */ = {
			isa = PBXProject;
			attributes = {
				CLASSPREFIX = FTIN;
				LastUpgradeCheck = 0510;
				ORGANIZATIONNAME = "Luiz Soares dos Santos Baglie";
				TargetAttributes = {
					25644CF81936B071006C4E06 = {
						TestTargetID = 25644CCF1936B070006C4E06;
					};
				};
			};
			buildConfigurationList = 25644CCB1936B070006C4E06 /* Build configuration list for PBXProject "IntervencaoNarrativa" */;
			compatibilityVersion = "Xcode 3.2";
			developmentRegion = English;
			hasScannedForEncodings = 0;
			knownRegions = (
				en,
				Base,
			);
			mainGroup = 25644CC71936B070006C4E06;
			productRefGroup = 25644CD11936B070006C4E06 /* Products */;
			projectDirPath = "";
			projectRoot = "";
			targets = (
				25644CCF1936B070006C4E06 /* IntervencaoNarrativa */,
				25644CF81936B071006C4E06 /* IntervencaoNarrativaTests */,
			);
		};
/* End PBXProject section */

/* Begin PBXResourcesBuildPhase section */
		25644CCE1936B070006C4E06 /* Resources */ = {
			isa = PBXResourcesBuildPhase;
			buildActionMask = 2147483647;
			files = (
				25644CE01936B071006C4E06 /* InfoPlist.strings in Resources */,
				25644D1A1936B3C7006C4E06 /* Localizable.strings in Resources */,
				25644CE91936B071006C4E06 /* Main.storyboard in Resources */,
			);
			runOnlyForDeploymentPostprocessing = 0;
		};
		25644CF71936B071006C4E06 /* Resources */ = {
			isa = PBXResourcesBuildPhase;
			buildActionMask = 2147483647;
			files = (
				25644D061936B071006C4E06 /* InfoPlist.strings in Resources */,
			);
			runOnlyForDeploymentPostprocessing = 0;
		};
/* End PBXResourcesBuildPhase section */

/* Begin PBXShellScriptBuildPhase section */
		9027CDCB79D94ED888384D7E /* Copy Pods Resources */ = {
			isa = PBXShellScriptBuildPhase;
			buildActionMask = 2147483647;
			files = (
			);
			inputPaths = (
			);
			name = "Copy Pods Resources";
			outputPaths = (
			);
			runOnlyForDeploymentPostprocessing = 0;
			shellPath = /bin/sh;
			shellScript = "\"${SRCROOT}/Pods/Pods-resources.sh\"\n";
			showEnvVarsInLog = 0;
		};
		980ADBA5E52E41999743D8B3 /* Check Pods Manifest.lock */ = {
			isa = PBXShellScriptBuildPhase;
			buildActionMask = 2147483647;
			files = (
			);
			inputPaths = (
			);
			name = "Check Pods Manifest.lock";
			outputPaths = (
			);
			runOnlyForDeploymentPostprocessing = 0;
			shellPath = /bin/sh;
			shellScript = "diff \"${PODS_ROOT}/../Podfile.lock\" \"${PODS_ROOT}/Manifest.lock\" > /dev/null\nif [[ $? != 0 ]] ; then\n    cat << EOM\nerror: The sandbox is not in sync with the Podfile.lock. Run 'pod install' or update your CocoaPods installation.\nEOM\n    exit 1\nfi\n";
			showEnvVarsInLog = 0;
		};
/* End PBXShellScriptBuildPhase section */

/* Begin PBXSourcesBuildPhase section */
		25644CCC1936B070006C4E06 /* Sources */ = {
			isa = PBXSourcesBuildPhase;
			buildActionMask = 2147483647;
			files = (
				2537BB65193B730500D10878 /* NSNumber+TimeDescription.m in Sources */,
				256A97BE193B758A00358131 /* ToastController.m in Sources */,
				25644D161936B391006C4E06 /* FTINStartViewController.m in Sources */,
				25644CE21936B071006C4E06 /* main.m in Sources */,
				2537BB70193B730500D10878 /* UIViewController+Visibility.m in Sources */,
				2537BB61193B730500D10878 /* NSError+AlertOnError.m in Sources */,
				2537BB63193B730500D10878 /* NSFileManager+Utils.m in Sources */,
				2537BB6D193B730500D10878 /* UITableView+ScrollToBottom.m in Sources */,
				2537BAFA193B68F200D10878 /* FTINDatePickerTextField.m in Sources */,
				2537BB62193B730500D10878 /* NSError+LSSB_CreateError.m in Sources */,
				256A97C4193B777A00358131 /* Macros.m in Sources */,
				2537BB6A193B730500D10878 /* UIAlertView+DefaultAlerts.m in Sources */,
				256A97C1193B763300358131 /* ErrorInfo.m in Sources */,
				2537BB69193B730500D10878 /* NSThread+AsyncBlock.m in Sources */,
				2537BB6E193B730500D10878 /* UIView+Border.m in Sources */,
				2537BB60193B730500D10878 /* NSDate+FormattedDate.m in Sources */,
				256A97CD193B98F300358131 /* IntervencaoNarrativa.xcdatamodeld in Sources */,
				256A97EF193BBB0C00358131 /* FTINExistingPatientViewControllerDelegate.m in Sources */,
				2537BB68193B730500D10878 /* NSString+ReplaceStrings.m in Sources */,
				25644CE61936B071006C4E06 /* FTINAppDelegate.m in Sources */,
				2537BB5F193B730500D10878 /* FileUtils.m in Sources */,
				2537BB67193B730500D10878 /* NSString+LocalizedString.m in Sources */,
				2537BAFD193B698000D10878 /* FTINDatePickerPopoverController.m in Sources */,
				2537BB6F193B730500D10878 /* UIView+SearchSubview.m in Sources */,
				256A97E5193BA1DB00358131 /* FTINPatientController.m in Sources */,
				25644D1E1936B619006C4E06 /* FTINMainSplitViewControllerDelegate.m in Sources */,
				256A97EB193BB14F00358131 /* FTINNewPatientViewControllerDelegate.m in Sources */,
				2537BB66193B730500D10878 /* NSObject+Properties.m in Sources */,
				2537BB6B193B730500D10878 /* UIDevice+SystemVersion.m in Sources */,
				256A97E8193BA26D00358131 /* Patient.m in Sources */,
				2537BAF6193B678900D10878 /* FTINPatientViewController.m in Sources */,
				25644D171936B391006C4E06 /* FTINPatientsTableViewController.m in Sources */,
			);
			runOnlyForDeploymentPostprocessing = 0;
		};
		25644CF51936B071006C4E06 /* Sources */ = {
			isa = PBXSourcesBuildPhase;
			buildActionMask = 2147483647;
			files = (
				25644D081936B071006C4E06 /* IntervencaoNarrativaTests.m in Sources */,
			);
			runOnlyForDeploymentPostprocessing = 0;
		};
/* End PBXSourcesBuildPhase section */

/* Begin PBXTargetDependency section */
		25644D001936B071006C4E06 /* PBXTargetDependency */ = {
			isa = PBXTargetDependency;
			target = 25644CCF1936B070006C4E06 /* IntervencaoNarrativa */;
			targetProxy = 25644CFF1936B071006C4E06 /* PBXContainerItemProxy */;
		};
/* End PBXTargetDependency section */

/* Begin PBXVariantGroup section */
		25644CDE1936B071006C4E06 /* InfoPlist.strings */ = {
			isa = PBXVariantGroup;
			children = (
				25644CDF1936B071006C4E06 /* en */,
			);
			name = InfoPlist.strings;
			sourceTree = "<group>";
		};
		25644CE71936B071006C4E06 /* Main.storyboard */ = {
			isa = PBXVariantGroup;
			children = (
				25644CE81936B071006C4E06 /* Base */,
			);
			name = Main.storyboard;
			sourceTree = "<group>";
		};
		25644D041936B071006C4E06 /* InfoPlist.strings */ = {
			isa = PBXVariantGroup;
			children = (
				25644D051936B071006C4E06 /* en */,
			);
			name = InfoPlist.strings;
			sourceTree = "<group>";
		};
/* End PBXVariantGroup section */

/* Begin XCBuildConfiguration section */
		25644D091936B071006C4E06 /* Debug */ = {
			isa = XCBuildConfiguration;
			buildSettings = {
				ALWAYS_SEARCH_USER_PATHS = NO;
				CLANG_CXX_LANGUAGE_STANDARD = "gnu++0x";
				CLANG_CXX_LIBRARY = "libc++";
				CLANG_ENABLE_MODULES = YES;
				CLANG_ENABLE_OBJC_ARC = YES;
				CLANG_WARN_BOOL_CONVERSION = YES;
				CLANG_WARN_CONSTANT_CONVERSION = YES;
				CLANG_WARN_DIRECT_OBJC_ISA_USAGE = YES_ERROR;
				CLANG_WARN_EMPTY_BODY = YES;
				CLANG_WARN_ENUM_CONVERSION = YES;
				CLANG_WARN_INT_CONVERSION = YES;
				CLANG_WARN_OBJC_ROOT_CLASS = YES_ERROR;
				CLANG_WARN__DUPLICATE_METHOD_MATCH = YES;
				"CODE_SIGN_IDENTITY[sdk=iphoneos*]" = "iPhone Developer";
				COPY_PHASE_STRIP = NO;
				GCC_C_LANGUAGE_STANDARD = gnu99;
				GCC_DYNAMIC_NO_PIC = NO;
				GCC_OPTIMIZATION_LEVEL = 0;
				GCC_PREPROCESSOR_DEFINITIONS = (
					"DEBUG=1",
					"$(inherited)",
				);
				GCC_SYMBOLS_PRIVATE_EXTERN = NO;
				GCC_WARN_64_TO_32_BIT_CONVERSION = YES;
				GCC_WARN_ABOUT_RETURN_TYPE = YES_ERROR;
				GCC_WARN_UNDECLARED_SELECTOR = YES;
				GCC_WARN_UNINITIALIZED_AUTOS = YES_AGGRESSIVE;
				GCC_WARN_UNUSED_FUNCTION = YES;
				GCC_WARN_UNUSED_VARIABLE = YES;
				IPHONEOS_DEPLOYMENT_TARGET = 7.1;
				ONLY_ACTIVE_ARCH = YES;
				SDKROOT = iphoneos;
				TARGETED_DEVICE_FAMILY = 2;
			};
			name = Debug;
		};
		25644D0A1936B071006C4E06 /* Release */ = {
			isa = XCBuildConfiguration;
			buildSettings = {
				ALWAYS_SEARCH_USER_PATHS = NO;
				CLANG_CXX_LANGUAGE_STANDARD = "gnu++0x";
				CLANG_CXX_LIBRARY = "libc++";
				CLANG_ENABLE_MODULES = YES;
				CLANG_ENABLE_OBJC_ARC = YES;
				CLANG_WARN_BOOL_CONVERSION = YES;
				CLANG_WARN_CONSTANT_CONVERSION = YES;
				CLANG_WARN_DIRECT_OBJC_ISA_USAGE = YES_ERROR;
				CLANG_WARN_EMPTY_BODY = YES;
				CLANG_WARN_ENUM_CONVERSION = YES;
				CLANG_WARN_INT_CONVERSION = YES;
				CLANG_WARN_OBJC_ROOT_CLASS = YES_ERROR;
				CLANG_WARN__DUPLICATE_METHOD_MATCH = YES;
				"CODE_SIGN_IDENTITY[sdk=iphoneos*]" = "iPhone Developer";
				COPY_PHASE_STRIP = YES;
				ENABLE_NS_ASSERTIONS = NO;
				GCC_C_LANGUAGE_STANDARD = gnu99;
				GCC_WARN_64_TO_32_BIT_CONVERSION = YES;
				GCC_WARN_ABOUT_RETURN_TYPE = YES_ERROR;
				GCC_WARN_UNDECLARED_SELECTOR = YES;
				GCC_WARN_UNINITIALIZED_AUTOS = YES_AGGRESSIVE;
				GCC_WARN_UNUSED_FUNCTION = YES;
				GCC_WARN_UNUSED_VARIABLE = YES;
				IPHONEOS_DEPLOYMENT_TARGET = 7.1;
				SDKROOT = iphoneos;
				TARGETED_DEVICE_FAMILY = 2;
				VALIDATE_PRODUCT = YES;
			};
			name = Release;
		};
		25644D0C1936B071006C4E06 /* Debug */ = {
			isa = XCBuildConfiguration;
			baseConfigurationReference = C945DEE5143B4B4EB8C31375 /* Pods.xcconfig */;
			buildSettings = {
				ASSETCATALOG_COMPILER_APPICON_NAME = AppIcon;
				ASSETCATALOG_COMPILER_LAUNCHIMAGE_NAME = LaunchImage;
				GCC_PRECOMPILE_PREFIX_HEADER = YES;
				GCC_PREFIX_HEADER = "IntervencaoNarrativa/IntervencaoNarrativa-Prefix.pch";
				INFOPLIST_FILE = "IntervencaoNarrativa/IntervencaoNarrativa-Info.plist";
				PRODUCT_NAME = "$(TARGET_NAME)";
				WRAPPER_EXTENSION = app;
			};
			name = Debug;
		};
		25644D0D1936B071006C4E06 /* Release */ = {
			isa = XCBuildConfiguration;
			baseConfigurationReference = C945DEE5143B4B4EB8C31375 /* Pods.xcconfig */;
			buildSettings = {
				ASSETCATALOG_COMPILER_APPICON_NAME = AppIcon;
				ASSETCATALOG_COMPILER_LAUNCHIMAGE_NAME = LaunchImage;
				GCC_PRECOMPILE_PREFIX_HEADER = YES;
				GCC_PREFIX_HEADER = "IntervencaoNarrativa/IntervencaoNarrativa-Prefix.pch";
				INFOPLIST_FILE = "IntervencaoNarrativa/IntervencaoNarrativa-Info.plist";
				PRODUCT_NAME = "$(TARGET_NAME)";
				WRAPPER_EXTENSION = app;
			};
			name = Release;
		};
		25644D0F1936B071006C4E06 /* Debug */ = {
			isa = XCBuildConfiguration;
			buildSettings = {
				BUNDLE_LOADER = "$(BUILT_PRODUCTS_DIR)/IntervencaoNarrativa.app/IntervencaoNarrativa";
				FRAMEWORK_SEARCH_PATHS = (
					"$(SDKROOT)/Developer/Library/Frameworks",
					"$(inherited)",
					"$(DEVELOPER_FRAMEWORKS_DIR)",
				);
				GCC_PRECOMPILE_PREFIX_HEADER = YES;
				GCC_PREFIX_HEADER = "IntervencaoNarrativa/IntervencaoNarrativa-Prefix.pch";
				GCC_PREPROCESSOR_DEFINITIONS = (
					"DEBUG=1",
					"$(inherited)",
				);
				INFOPLIST_FILE = "IntervencaoNarrativaTests/IntervencaoNarrativaTests-Info.plist";
				PRODUCT_NAME = "$(TARGET_NAME)";
				TEST_HOST = "$(BUNDLE_LOADER)";
				WRAPPER_EXTENSION = xctest;
			};
			name = Debug;
		};
		25644D101936B071006C4E06 /* Release */ = {
			isa = XCBuildConfiguration;
			buildSettings = {
				BUNDLE_LOADER = "$(BUILT_PRODUCTS_DIR)/IntervencaoNarrativa.app/IntervencaoNarrativa";
				FRAMEWORK_SEARCH_PATHS = (
					"$(SDKROOT)/Developer/Library/Frameworks",
					"$(inherited)",
					"$(DEVELOPER_FRAMEWORKS_DIR)",
				);
				GCC_PRECOMPILE_PREFIX_HEADER = YES;
				GCC_PREFIX_HEADER = "IntervencaoNarrativa/IntervencaoNarrativa-Prefix.pch";
				INFOPLIST_FILE = "IntervencaoNarrativaTests/IntervencaoNarrativaTests-Info.plist";
				PRODUCT_NAME = "$(TARGET_NAME)";
				TEST_HOST = "$(BUNDLE_LOADER)";
				WRAPPER_EXTENSION = xctest;
			};
			name = Release;
		};
/* End XCBuildConfiguration section */

/* Begin XCConfigurationList section */
		25644CCB1936B070006C4E06 /* Build configuration list for PBXProject "IntervencaoNarrativa" */ = {
			isa = XCConfigurationList;
			buildConfigurations = (
				25644D091936B071006C4E06 /* Debug */,
				25644D0A1936B071006C4E06 /* Release */,
			);
			defaultConfigurationIsVisible = 0;
			defaultConfigurationName = Release;
		};
		25644D0B1936B071006C4E06 /* Build configuration list for PBXNativeTarget "IntervencaoNarrativa" */ = {
			isa = XCConfigurationList;
			buildConfigurations = (
				25644D0C1936B071006C4E06 /* Debug */,
				25644D0D1936B071006C4E06 /* Release */,
			);
			defaultConfigurationIsVisible = 0;
			defaultConfigurationName = Release;
		};
		25644D0E1936B071006C4E06 /* Build configuration list for PBXNativeTarget "IntervencaoNarrativaTests" */ = {
			isa = XCConfigurationList;
			buildConfigurations = (
				25644D0F1936B071006C4E06 /* Debug */,
				25644D101936B071006C4E06 /* Release */,
			);
			defaultConfigurationIsVisible = 0;
			defaultConfigurationName = Release;
		};
/* End XCConfigurationList section */

/* Begin XCVersionGroup section */
		256A97CB193B98F300358131 /* IntervencaoNarrativa.xcdatamodeld */ = {
			isa = XCVersionGroup;
			children = (
				256A97CC193B98F300358131 /* IntervencaoNarrativa.xcdatamodel */,
			);
			currentVersion = 256A97CC193B98F300358131 /* IntervencaoNarrativa.xcdatamodel */;
			path = IntervencaoNarrativa.xcdatamodeld;
			sourceTree = "<group>";
			versionGroupType = wrapper.xcdatamodel;
		};
/* End XCVersionGroup section */
	};
	rootObject = 25644CC81936B070006C4E06 /* Project object */;
}
